
Microsoft Visual Studio Solution File, Format Version 11.00
# Visual Studio 2010
Project("{2150E333-8FDC-42A3-9474-1A3956D46DE8}") = "Documentacao", "Documentacao", "{6187EE4B-E956-4888-A6CD-CA7DD7005FEB}"
	ProjectSection(SolutionItems) = preProject
		..\MACRO VISÃO.doc = ..\MACRO VISÃO.doc
		..\MÓDULO DIGITALIZAÇÃO.vsd = ..\MÓDULO DIGITALIZAÇÃO.vsd
		..\..\..\..\..\Documents and Settings\Renato\Meus documentos\Downloads\SIGPA-DIGITALIZACAO.21042010.doc = ..\..\..\..\..\Documents and Settings\Renato\Meus documentos\Downloads\SIGPA-DIGITALIZACAO.21042010.doc
		..\..\Documentação\OPUS - Digitalizador\UML\SIGPA-Digitalizador.EAP = ..\..\Documentação\OPUS - Digitalizador\UML\SIGPA-Digitalizador.EAP
	EndProjectSection
EndProject
Project("{FAE04EC0-301F-11D3-BF4B-00C04F79EFBC}") = "DigitalView", "Prototipo_Digitalizacao_OPUS\DigitalView.csproj", "{EE2B7157-60AC-4ADC-897A-4926876B1DD3}"
EndProject
Project("{FAE04EC0-301F-11D3-BF4B-00C04F79EFBC}") = "Service", "Service\Service.csproj", "{CC3E4A8B-17BE-4F83-B6BA-9D008F29EA88}"
EndProject
Project("{FAE04EC0-301F-11D3-BF4B-00C04F79EFBC}") = "WSOpusDigitalizacao", "WSOpusDigitalizacao\WSOpusDigitalizacao.csproj", "{FEF82E5A-5A69-4CE0-BA03-EF8DA2C83101}"
EndProject
Project("{FAE04EC0-301F-11D3-BF4B-00C04F79EFBC}") = "INFO", "INFO\INFO.csproj", "{5B6BD94B-7FDA-4E3F-B4D3-F16D39CCABBC}"
EndProject
Project("{FAE04EC0-301F-11D3-BF4B-00C04F79EFBC}") = "DAO", "DAO\DAO.csproj", "{21DA544D-6961-4A96-A54B-B5205207EFB2}"
EndProject
Project("{FAE04EC0-301F-11D3-BF4B-00C04F79EFBC}") = "BO", "BO\BO.csproj", "{DE2807B9-D34C-4488-A21F-4B585A38BD1A}"
EndProject
Project("{FAE04EC0-301F-11D3-BF4B-00C04F79EFBC}") = "RImageScan", "..\RImageScan\RImageScan.csproj", "{0A150FD0-E91B-4386-9289-93BCC4F4C5CB}"
EndProject
Global
	GlobalSection(SolutionConfigurationPlatforms) = preSolution
		Debug|Any CPU = Debug|Any CPU
		Release|Any CPU = Release|Any CPU
	EndGlobalSection
	GlobalSection(ProjectConfigurationPlatforms) = postSolution
		{EE2B7157-60AC-4ADC-897A-4926876B1DD3}.Debug|Any CPU.ActiveCfg = Debug|Any CPU
		{EE2B7157-60AC-4ADC-897A-4926876B1DD3}.Debug|Any CPU.Build.0 = Debug|Any CPU
		{EE2B7157-60AC-4ADC-897A-4926876B1DD3}.Release|Any CPU.ActiveCfg = Release|Any CPU
		{EE2B7157-60AC-4ADC-897A-4926876B1DD3}.Release|Any CPU.Build.0 = Release|Any CPU
		{CC3E4A8B-17BE-4F83-B6BA-9D008F29EA88}.Debug|Any CPU.ActiveCfg = Debug|Any CPU
		{CC3E4A8B-17BE-4F83-B6BA-9D008F29EA88}.Debug|Any CPU.Build.0 = Debug|Any CPU
		{CC3E4A8B-17BE-4F83-B6BA-9D008F29EA88}.Release|Any CPU.ActiveCfg = Release|Any CPU
		{CC3E4A8B-17BE-4F83-B6BA-9D008F29EA88}.Release|Any CPU.Build.0 = Release|Any CPU
		{FEF82E5A-5A69-4CE0-BA03-EF8DA2C83101}.Debug|Any CPU.ActiveCfg = Debug|Any CPU
		{FEF82E5A-5A69-4CE0-BA03-EF8DA2C83101}.Debug|Any CPU.Build.0 = Debug|Any CPU
		{FEF82E5A-5A69-4CE0-BA03-EF8DA2C83101}.Release|Any CPU.ActiveCfg = Release|Any CPU
		{FEF82E5A-5A69-4CE0-BA03-EF8DA2C83101}.Release|Any CPU.Build.0 = Release|Any CPU
		{5B6BD94B-7FDA-4E3F-B4D3-F16D39CCABBC}.Debug|Any CPU.ActiveCfg = Debug|Any CPU
		{5B6BD94B-7FDA-4E3F-B4D3-F16D39CCABBC}.Debug|Any CPU.Build.0 = Debug|Any CPU
		{5B6BD94B-7FDA-4E3F-B4D3-F16D39CCABBC}.Release|Any CPU.ActiveCfg = Release|Any CPU
		{5B6BD94B-7FDA-4E3F-B4D3-F16D39CCABBC}.Release|Any CPU.Build.0 = Release|Any CPU
		{21DA544D-6961-4A96-A54B-B5205207EFB2}.Debug|Any CPU.ActiveCfg = Debug|Any CPU
		{21DA544D-6961-4A96-A54B-B5205207EFB2}.Debug|Any CPU.Build.0 = Debug|Any CPU
		{21DA544D-6961-4A96-A54B-B5205207EFB2}.Release|Any CPU.ActiveCfg = Release|Any CPU
		{21DA544D-6961-4A96-A54B-B5205207EFB2}.Release|Any CPU.Build.0 = Release|Any CPU
		{DE2807B9-D34C-4488-A21F-4B585A38BD1A}.Debug|Any CPU.ActiveCfg = Debug|Any CPU
		{DE2807B9-D34C-4488-A21F-4B585A38BD1A}.Debug|Any CPU.Build.0 = Debug|Any CPU
		{DE2807B9-D34C-4488-A21F-4B585A38BD1A}.Release|Any CPU.ActiveCfg = Release|Any CPU
		{DE2807B9-D34C-4488-A21F-4B585A38BD1A}.Release|Any CPU.Build.0 = Release|Any CPU
		{0A150FD0-E91B-4386-9289-93BCC4F4C5CB}.Debug|Any CPU.ActiveCfg = Debug|Any CPU
		{0A150FD0-E91B-4386-9289-93BCC4F4C5CB}.Debug|Any CPU.Build.0 = Debug|Any CPU
		{0A150FD0-E91B-4386-9289-93BCC4F4C5CB}.Release|Any CPU.ActiveCfg = Release|Any CPU
		{0A150FD0-E91B-4386-9289-93BCC4F4C5CB}.Release|Any CPU.Build.0 = Release|Any CPU
	EndGlobalSection
	GlobalSection(SolutionProperties) = preSolution
		HideSolutionNode = FALSE
	EndGlobalSection
	GlobalSection(ExtensibilityGlobals) = postSolution
		VisualSVNWorkingCopyRoot = .
	EndGlobalSection
EndGlobal
